{
  "name": "grupo-modalidad-40",
  "version": "1.1.0",
  "lockfileVersion": 3,
  "requires": true,
  "packages": {
    "": {
      "name": "grupo-modalidad-40",
      "version": "1.1.0",
      "dependencies": {
        "dotenv": "^17.4.2",
        "mercadopago": "^3.6.0"
      }
    },
    "node_modules/dotenv": {
      "version": "17.4.2",
      "resolved": "https://registry.npmjs.org/dotenv/-/dotenv-17.4.2.tgz",
      "integrity": "sha512-nI4U3TottKAcAD9LLud4Cb7b2QztQMUEfHbvhTH09bqXTxnSie8WnjPALV/WMCrJZ6UV/qHJ6L03OqO3LcdYZw==",
      "license": "BSD-2-Clause",
      "engines": {
        "node": ">=12"
      },
      "funding": {
        "url": "https://dotenvx.com"
      }
    },
    "node_modules/mercadopago": {
      "version": "3.6.0",
      "resolved": "https://registry.npmjs.org/mercadopago/-/mercadopago-3.6.0.tgz",
      "integrity": "sha512-Dk47c/bgRPdbMPcRvopitgZq4jOujMfeMf/msWNr942QQ4p+CDBhhov+059UWhsoyGjdizzJaZeyveApoEgDBg==",
      "engines": {
        "node": ">=18"
      }
    }
  }
}
